
Microsoft Visual Studio Solution File, Format Version 12.00
Project("{FAE04EC0-301F-11D3-BF4B-00C04F79EFBC}") = "backend", "backend.csproj", "{03CAE449-D931-41A6-AD12-C1D58427B73C}"
EndProject
Project("{FAE04EC0-301F-11D3-BF4B-00C04F79EFBC}") = "IntegrationTests", "..\Tests\IntegrationTests\IntegrationTests.csproj", "{5412825E-2456-424E-99CB-762A90F0B116}"
EndProject
Global
	GlobalSection(SolutionConfigurationPlatforms) = preSolution
		Debug|Any CPU = Debug|Any CPU
		Release|Any CPU = Release|Any CPU
	EndGlobalSection
	GlobalSection(ProjectConfigurationPlatforms) = postSolution
		{03CAE449-D931-41A6-AD12-C1D58427B73C}.Debug|Any CPU.ActiveCfg = Debug|Any CPU
		{03CAE449-D931-41A6-AD12-C1D58427B73C}.Debug|Any CPU.Build.0 = Debug|Any CPU
		{03CAE449-D931-41A6-AD12-C1D58427B73C}.Release|Any CPU.ActiveCfg = Release|Any CPU
		{03CAE449-D931-41A6-AD12-C1D58427B73C}.Release|Any CPU.Build.0 = Release|Any CPU
		{5412825E-2456-424E-99CB-762A90F0B116}.Debug|Any CPU.ActiveCfg = Debug|Any CPU
		{5412825E-2456-424E-99CB-762A90F0B116}.Debug|Any CPU.Build.0 = Debug|Any CPU
		{5412825E-2456-424E-99CB-762A90F0B116}.Release|Any CPU.ActiveCfg = Release|Any CPU
		{5412825E-2456-424E-99CB-762A90F0B116}.Release|Any CPU.Build.0 = Release|Any CPU
	EndGlobalSection
	GlobalSection(NestedProjects) = preSolution
	EndGlobalSection
EndGlobal
